schema: '2.0'
stages:
  data_ingestion:
    cmd: python src/cnnClassifier/pipeline/stage_01_data_ingestion.py
    deps:
    - path: config/config.yaml
      hash: md5
      md5: 0b006fe0cd7d7a9bad87ece207eb61d4
      size: 587
    - path: src/cnnClassifier/pipeline/stage_01_data_ingestion.py
      hash: md5
      md5: 8d4631b32552957699bb9b6022e3cf68
      size: 971
    outs:
    - path: artifacts/data_ingestion/Chest-CT-Scan-data
      hash: md5
      md5: 33f500f7554b4f84effebff6a8fade9b.dir
      size: 49247431
      nfiles: 343
  prepare_base_model:
    cmd: python src/cnnClassifier/pipeline/stage_02_prepare_base_model.py
    deps:
    - path: config/config.yaml
      hash: md5
      md5: 0b006fe0cd7d7a9bad87ece207eb61d4
      size: 587
    - path: src/cnnClassifier/pipeline/stage_02_prepare_base_model.py
      hash: md5
      md5: 02bb3de2e71baa766beef800abf18512
      size: 1017
    params:
      params.yaml:
        CLASSES: 2
        IMAGE_SIZE:
        - 224
        - 224
        - 3
        INCLUDE_TOP: false
        LEARNING_RATE: 0.01
        WEIGHTS: imagenet
    outs:
    - path: artifacts/prepare_base_model
      hash: md5
      md5: 1cc2e5e843ce2f556bd83da9da02c8fe.dir
      size: 118054560
      nfiles: 2
  training:
    cmd: python src/cnnClassifier/pipeline/stage_03_model_trainer.py
    deps:
    - path: artifacts/data_ingestion/Chest-CT-Scan-data
      hash: md5
      md5: 33f500f7554b4f84effebff6a8fade9b.dir
      size: 49247431
      nfiles: 343
    - path: artifacts/prepare_base_model
      hash: md5
      md5: 1cc2e5e843ce2f556bd83da9da02c8fe.dir
      size: 118054560
      nfiles: 2
    - path: config/config.yaml
      hash: md5
      md5: 0b006fe0cd7d7a9bad87ece207eb61d4
      size: 587
    - path: src/cnnClassifier/pipeline/stage_03_model_trainer.py
      hash: md5
      md5: ad71f0aee3480ac8dacfcb684c71fbaa
      size: 1073
    params:
      params.yaml:
        AUGMENTATION: true
        BATCH_SIZE: 16
        EPOCHS: 10
        IMAGE_SIZE:
        - 224
        - 224
        - 3
    outs:
    - path: artifacts/training/model.h5
      hash: md5
      md5: dfe7f44f2fa8ad0fc6503714fad81e23
      size: 59337520
  evaluation:
    cmd: python src/cnnClassifier/pipeline/stage_04_evaluation.py
    deps:
    - path: artifacts/data_ingestion/Chest-CT-Scan-data
      hash: md5
      md5: 33f500f7554b4f84effebff6a8fade9b.dir
      size: 49247431
      nfiles: 343
    - path: artifacts/training/model.h5
      hash: md5
      md5: dfe7f44f2fa8ad0fc6503714fad81e23
      size: 59337520
    - path: config/config.yaml
      hash: md5
      md5: 0b006fe0cd7d7a9bad87ece207eb61d4
      size: 587
    - path: src/cnnClassifier/pipeline/stage_04_evaluation.py
      hash: md5
      md5: 5b3e3c493369043c19f5985f780bea62
      size: 948
    params:
      params.yaml:
        BATCH_SIZE: 16
        IMAGE_SIZE:
        - 224
        - 224
        - 3
    outs:
    - path: scores.json
      hash: md5
      md5: 7ec4aa6fb216579cfff2a01f2ed3ed88
      size: 58
